
Microsoft Visual Studio Solution File, Format Version 12.00
# Visual Studio Version 17
VisualStudioVersion = 17.3.32929.385
MinimumVisualStudioVersion = 10.0.40219.1
Project("{FAE04EC0-301F-11D3-BF4B-00C04F79EFBC}") = "MusicApp", "MusicApp\MusicApp.csproj", "{D68B3E0E-E015-4502-97AC-C38B40B44C1A}"
EndProject
Global
	GlobalSection(SolutionConfigurationPlatforms) = preSolution
		Debug|Any CPU = Debug|Any CPU
		Release|Any CPU = Release|Any CPU
	EndGlobalSection
	GlobalSection(ProjectConfigurationPlatforms) = postSolution
		{D68B3E0E-E015-4502-97AC-C38B40B44C1A}.Debug|Any CPU.ActiveCfg = Debug|Any CPU
		{D68B3E0E-E015-4502-97AC-C38B40B44C1A}.Debug|Any CPU.Build.0 = Debug|Any CPU
		{D68B3E0E-E015-4502-97AC-C38B40B44C1A}.Release|Any CPU.ActiveCfg = Release|Any CPU
		{D68B3E0E-E015-4502-97AC-C38B40B44C1A}.Release|Any CPU.Build.0 = Release|Any CPU
	EndGlobalSection
	GlobalSection(SolutionProperties) = preSolution
		HideSolutionNode = FALSE
	EndGlobalSection
	GlobalSection(ExtensibilityGlobals) = postSolution
		SolutionGuid = {B216B068-44D5-4112-AFB0-39D929709D81}
	EndGlobalSection
EndGlobal
